
Microsoft Visual Studio Solution File, Format Version 12.00
# Visual Studio Version 16
VisualStudioVersion = 16.0.31911.196
MinimumVisualStudioVersion = 10.0.40219.1
Project("{FAE04EC0-301F-11D3-BF4B-00C04F79EFBC}") = "RightToLeftStringFormat.Android", "RightToLeftStringFormat.Android\RightToLeftStringFormat.Android.csproj", "{7BDFB467-348F-4271-8984-2025317EE0D2}"
EndProject
Project("{FAE04EC0-301F-11D3-BF4B-00C04F79EFBC}") = "RightToLeftStringFormat.iOS", "RightToLeftStringFormat.iOS\RightToLeftStringFormat.iOS.csproj", "{C8F1A86F-20CD-4419-B675-5871EC99EFD4}"
EndProject
Project("{FAE04EC0-301F-11D3-BF4B-00C04F79EFBC}") = "RightToLeftStringFormat", "RightToLeftStringFormat\RightToLeftStringFormat.csproj", "{E3709D5E-1A07-4935-8CAC-C8558D956CC5}"
EndProject
Global
	GlobalSection(SolutionConfigurationPlatforms) = preSolution
		Debug|Any CPU = Debug|Any CPU
		Debug|iPhone = Debug|iPhone
		Debug|iPhoneSimulator = Debug|iPhoneSimulator
		Release|Any CPU = Release|Any CPU
		Release|iPhone = Release|iPhone
		Release|iPhoneSimulator = Release|iPhoneSimulator
	EndGlobalSection
	GlobalSection(ProjectConfigurationPlatforms) = postSolution
		{7BDFB467-348F-4271-8984-2025317EE0D2}.Debug|Any CPU.ActiveCfg = Debug|Any CPU
		{7BDFB467-348F-4271-8984-2025317EE0D2}.Debug|Any CPU.Build.0 = Debug|Any CPU
		{7BDFB467-348F-4271-8984-2025317EE0D2}.Debug|Any CPU.Deploy.0 = Debug|Any CPU
		{7BDFB467-348F-4271-8984-2025317EE0D2}.Debug|iPhone.ActiveCfg = Debug|Any CPU
		{7BDFB467-348F-4271-8984-2025317EE0D2}.Debug|iPhone.Build.0 = Debug|Any CPU
		{7BDFB467-348F-4271-8984-2025317EE0D2}.Debug|iPhone.Deploy.0 = Debug|Any CPU
		{7BDFB467-348F-4271-8984-2025317EE0D2}.Debug|iPhoneSimulator.ActiveCfg = Debug|Any CPU
		{7BDFB467-348F-4271-8984-2025317EE0D2}.Debug|iPhoneSimulator.Build.0 = Debug|Any CPU
		{7BDFB467-348F-4271-8984-2025317EE0D2}.Debug|iPhoneSimulator.Deploy.0 = Debug|Any CPU
		{7BDFB467-348F-4271-8984-2025317EE0D2}.Release|Any CPU.ActiveCfg = Release|Any CPU
		{7BDFB467-348F-4271-8984-2025317EE0D2}.Release|Any CPU.Build.0 = Release|Any CPU
		{7BDFB467-348F-4271-8984-2025317EE0D2}.Release|Any CPU.Deploy.0 = Release|Any CPU
		{7BDFB467-348F-4271-8984-2025317EE0D2}.Release|iPhone.ActiveCfg = Release|Any CPU
		{7BDFB467-348F-4271-8984-2025317EE0D2}.Release|iPhone.Build.0 = Release|Any CPU
		{7BDFB467-348F-4271-8984-2025317EE0D2}.Release|iPhone.Deploy.0 = Release|Any CPU
		{7BDFB467-348F-4271-8984-2025317EE0D2}.Release|iPhoneSimulator.ActiveCfg = Release|Any CPU
		{7BDFB467-348F-4271-8984-2025317EE0D2}.Release|iPhoneSimulator.Build.0 = Release|Any CPU
		{7BDFB467-348F-4271-8984-2025317EE0D2}.Release|iPhoneSimulator.Deploy.0 = Release|Any CPU
		{C8F1A86F-20CD-4419-B675-5871EC99EFD4}.Debug|Any CPU.ActiveCfg = Debug|iPhone
		{C8F1A86F-20CD-4419-B675-5871EC99EFD4}.Debug|Any CPU.Build.0 = Debug|iPhone
		{C8F1A86F-20CD-4419-B675-5871EC99EFD4}.Debug|Any CPU.Deploy.0 = Debug|iPhone
		{C8F1A86F-20CD-4419-B675-5871EC99EFD4}.Debug|iPhone.ActiveCfg = Debug|iPhone
		{C8F1A86F-20CD-4419-B675-5871EC99EFD4}.Debug|iPhone.Build.0 = Debug|iPhone
		{C8F1A86F-20CD-4419-B675-5871EC99EFD4}.Debug|iPhone.Deploy.0 = Debug|iPhone
		{C8F1A86F-20CD-4419-B675-5871EC99EFD4}.Debug|iPhoneSimulator.ActiveCfg = Debug|iPhoneSimulator
		{C8F1A86F-20CD-4419-B675-5871EC99EFD4}.Debug|iPhoneSimulator.Build.0 = Debug|iPhoneSimulator
		{C8F1A86F-20CD-4419-B675-5871EC99EFD4}.Debug|iPhoneSimulator.Deploy.0 = Debug|iPhoneSimulator
		{C8F1A86F-20CD-4419-B675-5871EC99EFD4}.Release|Any CPU.ActiveCfg = Release|iPhoneSimulator
		{C8F1A86F-20CD-4419-B675-5871EC99EFD4}.Release|Any CPU.Build.0 = Release|iPhoneSimulator
		{C8F1A86F-20CD-4419-B675-5871EC99EFD4}.Release|Any CPU.Deploy.0 = Release|iPhoneSimulator
		{C8F1A86F-20CD-4419-B675-5871EC99EFD4}.Release|iPhone.ActiveCfg = Release|iPhone
		{C8F1A86F-20CD-4419-B675-5871EC99EFD4}.Release|iPhone.Build.0 = Release|iPhone
		{C8F1A86F-20CD-4419-B675-5871EC99EFD4}.Release|iPhone.Deploy.0 = Release|iPhone
		{C8F1A86F-20CD-4419-B675-5871EC99EFD4}.Release|iPhoneSimulator.ActiveCfg = Release|iPhoneSimulator
		{C8F1A86F-20CD-4419-B675-5871EC99EFD4}.Release|iPhoneSimulator.Build.0 = Release|iPhoneSimulator
		{C8F1A86F-20CD-4419-B675-5871EC99EFD4}.Release|iPhoneSimulator.Deploy.0 = Release|iPhoneSimulator
		{E3709D5E-1A07-4935-8CAC-C8558D956CC5}.Debug|Any CPU.ActiveCfg = Debug|Any CPU
		{E3709D5E-1A07-4935-8CAC-C8558D956CC5}.Debug|Any CPU.Build.0 = Debug|Any CPU
		{E3709D5E-1A07-4935-8CAC-C8558D956CC5}.Debug|Any CPU.Deploy.0 = Debug|Any CPU
		{E3709D5E-1A07-4935-8CAC-C8558D956CC5}.Debug|iPhone.ActiveCfg = Debug|Any CPU
		{E3709D5E-1A07-4935-8CAC-C8558D956CC5}.Debug|iPhone.Build.0 = Debug|Any CPU
		{E3709D5E-1A07-4935-8CAC-C8558D956CC5}.Debug|iPhone.Deploy.0 = Debug|Any CPU
		{E3709D5E-1A07-4935-8CAC-C8558D956CC5}.Debug|iPhoneSimulator.ActiveCfg = Debug|Any CPU
		{E3709D5E-1A07-4935-8CAC-C8558D956CC5}.Debug|iPhoneSimulator.Build.0 = Debug|Any CPU
		{E3709D5E-1A07-4935-8CAC-C8558D956CC5}.Debug|iPhoneSimulator.Deploy.0 = Debug|Any CPU
		{E3709D5E-1A07-4935-8CAC-C8558D956CC5}.Release|Any CPU.ActiveCfg = Release|Any CPU
		{E3709D5E-1A07-4935-8CAC-C8558D956CC5}.Release|Any CPU.Build.0 = Release|Any CPU
		{E3709D5E-1A07-4935-8CAC-C8558D956CC5}.Release|Any CPU.Deploy.0 = Release|Any CPU
		{E3709D5E-1A07-4935-8CAC-C8558D956CC5}.Release|iPhone.ActiveCfg = Release|Any CPU
		{E3709D5E-1A07-4935-8CAC-C8558D956CC5}.Release|iPhone.Build.0 = Release|Any CPU
		{E3709D5E-1A07-4935-8CAC-C8558D956CC5}.Release|iPhone.Deploy.0 = Release|Any CPU
		{E3709D5E-1A07-4935-8CAC-C8558D956CC5}.Release|iPhoneSimulator.ActiveCfg = Release|Any CPU
		{E3709D5E-1A07-4935-8CAC-C8558D956CC5}.Release|iPhoneSimulator.Build.0 = Release|Any CPU
		{E3709D5E-1A07-4935-8CAC-C8558D956CC5}.Release|iPhoneSimulator.Deploy.0 = Release|Any CPU
	EndGlobalSection
	GlobalSection(SolutionProperties) = preSolution
		HideSolutionNode = FALSE
	EndGlobalSection
	GlobalSection(ExtensibilityGlobals) = postSolution
		SolutionGuid = {EE0CD43F-9500-4492-9175-9201E2D7009F}
	EndGlobalSection
EndGlobal
